
Microsoft Visual Studio Solution File, Format Version 12.00
# Visual Studio Version 17
VisualStudioVersion = 17.10.35013.160
MinimumVisualStudioVersion = 10.0.40219.1
Project("{FAE04EC0-301F-11D3-BF4B-00C04F79EFBC}") = "Email", "Email\Email.csproj", "{08F75BAE-2DA4-48E9-B194-D75234351E06}"
EndProject
Global
	GlobalSection(SolutionConfigurationPlatforms) = preSolution
		Debug|Any CPU = Debug|Any CPU
		Release|Any CPU = Release|Any CPU
	EndGlobalSection
	GlobalSection(ProjectConfigurationPlatforms) = postSolution
		{08F75BAE-2DA4-48E9-B194-D75234351E06}.Debug|Any CPU.ActiveCfg = Debug|Any CPU
		{08F75BAE-2DA4-48E9-B194-D75234351E06}.Debug|Any CPU.Build.0 = Debug|Any CPU
		{08F75BAE-2DA4-48E9-B194-D75234351E06}.Release|Any CPU.ActiveCfg = Release|Any CPU
		{08F75BAE-2DA4-48E9-B194-D75234351E06}.Release|Any CPU.Build.0 = Release|Any CPU
	EndGlobalSection
	GlobalSection(SolutionProperties) = preSolution
		HideSolutionNode = FALSE
	EndGlobalSection
	GlobalSection(ExtensibilityGlobals) = postSolution
		SolutionGuid = {FDFD6416-19CB-49C5-8196-BBFD3A170C93}
	EndGlobalSection
EndGlobal
